
Microsoft Visual Studio Solution File, Format Version 11.00
# Visual Studio 2010
Project("{FAE04EC0-301F-11D3-BF4B-00C04F79EFBC}") = "Ink Sketching", "Assembly-CSharp-firstpass.csproj", "{5184C6C2-0A9C-2F17-CDE3-9D715F963C39}"
EndProject
Project("{FAE04EC0-301F-11D3-BF4B-00C04F79EFBC}") = "Ink Sketching", "Assembly-CSharp-Editor-firstpass.csproj", "{2506A4AE-DCD8-1688-4B8B-484633A05E3F}"
EndProject
Global
	GlobalSection(SolutionConfigurationPlatforms) = preSolution
		Debug|Any CPU = Debug|Any CPU
		Release|Any CPU = Release|Any CPU
	EndGlobalSection
	GlobalSection(ProjectConfigurationPlatforms) = postSolution
		{5184C6C2-0A9C-2F17-CDE3-9D715F963C39}.Debug|Any CPU.ActiveCfg = Debug|Any CPU
		{5184C6C2-0A9C-2F17-CDE3-9D715F963C39}.Debug|Any CPU.Build.0 = Debug|Any CPU
		{5184C6C2-0A9C-2F17-CDE3-9D715F963C39}.Release|Any CPU.ActiveCfg = Release|Any CPU
		{5184C6C2-0A9C-2F17-CDE3-9D715F963C39}.Release|Any CPU.Build.0 = Release|Any CPU
		{2506A4AE-DCD8-1688-4B8B-484633A05E3F}.Debug|Any CPU.ActiveCfg = Debug|Any CPU
		{2506A4AE-DCD8-1688-4B8B-484633A05E3F}.Debug|Any CPU.Build.0 = Debug|Any CPU
		{2506A4AE-DCD8-1688-4B8B-484633A05E3F}.Release|Any CPU.ActiveCfg = Release|Any CPU
		{2506A4AE-DCD8-1688-4B8B-484633A05E3F}.Release|Any CPU.Build.0 = Release|Any CPU
	EndGlobalSection
	GlobalSection(SolutionProperties) = preSolution
		HideSolutionNode = FALSE
	EndGlobalSection
	GlobalSection(MonoDevelopProperties) = preSolution
		StartupItem = Assembly-CSharp.csproj
	EndGlobalSection
EndGlobal
